{
  "name": "simple-graphql-server-client",
  "version": "1.0.0",
  "lockfileVersion": 1,
  "requires": true,
  "dependencies": {
    "graphql-relay": {
      "version": "0.5.3",
      "resolved": "https://registry.npmjs.org/graphql-relay/-/graphql-relay-0.5.3.tgz",
      "integrity": "sha1-VqeKwHyH2JeVo022uOloG4J75bU="
    },
    "prettier": {
      "version": "1.8.2",
      "resolved": "https://registry.npmjs.org/prettier/-/prettier-1.8.2.tgz",
      "integrity": "sha512-fHWjCwoRZgjP1rvLP7OGqOznq7xH1sHMQUFLX8qLRO79hI57+6xbc5vB904LxEkCfgFgyr3vv06JkafgCSzoZg=="
    }
  }
}
